// !$*UTF8*$!
{
	archiveVersion = 1;
	classes = {
	};
	objectVersion = 46;
	objects = {

/* Begin PBXBuildFile section */
		76DB917F21B648C700B5E935 /* AppDelegate.swift in Sources */ = {isa = PBXBuildFile; fileRef = 76DB917E21B648C700B5E935 /* AppDelegate.swift */; };
		76DB918121B648C700B5E935 /* ViewController.swift in Sources */ = {isa = PBXBuildFile; fileRef = 76DB918021B648C700B5E935 /* ViewController.swift */; };
		76DB918421B648C700B5E935 /* Main.storyboard in Resources */ = {isa = PBXBuildFile; fileRef = 76DB918221B648C700B5E935 /* Main.storyboard */; };
		76DB918621B648C700B5E935 /* Assets.xcassets in Resources */ = {isa = PBXBuildFile; fileRef = 76DB918521B648C700B5E935 /* Assets.xcassets */; };
		76DB918921B648C700B5E935 /* LaunchScreen.storyboard in Resources */ = {isa = PBXBuildFile; fileRef = 76DB918721B648C700B5E935 /* LaunchScreen.storyboard */; };
		76DB919421B648C700B5E935 /* ToDoitemTests.swift in Sources */ = {isa = PBXBuildFile; fileRef = 76DB919321B648C700B5E935 /* ToDoitemTests.swift */; };
		76DB91A121B748A500B5E935 /* ToDoItem.swift in Sources */ = {isa = PBXBuildFile; fileRef = 76DB91A021B748A500B5E935 /* ToDoItem.swift */; };
		76DB91A321B78AEA00B5E935 /* Location.swift in Sources */ = {isa = PBXBuildFile; fileRef = 76DB91A221B78AEA00B5E935 /* Location.swift */; };
		76DB91A521B78AFF00B5E935 /* LocationTests.swift in Sources */ = {isa = PBXBuildFile; fileRef = 76DB91A421B78AFF00B5E935 /* LocationTests.swift */; };
		76DB91A721B78EC800B5E935 /* ItemManagerTests.swift in Sources */ = {isa = PBXBuildFile; fileRef = 76DB91A621B78EC800B5E935 /* ItemManagerTests.swift */; };
		76DB91A921B7960A00B5E935 /* ItemManager.swift in Sources */ = {isa = PBXBuildFile; fileRef = 76DB91A821B7960A00B5E935 /* ItemManager.swift */; };
		76FA2BF921B81C0D00218BD9 /* ItemListViewController.swift in Sources */ = {isa = PBXBuildFile; fileRef = 76FA2BF821B81C0D00218BD9 /* ItemListViewController.swift */; };
		76FA2BFB21B81C5A00218BD9 /* ItemListViewControllerTests.swift in Sources */ = {isa = PBXBuildFile; fileRef = 76FA2BFA21B81C5A00218BD9 /* ItemListViewControllerTests.swift */; };
/* End PBXBuildFile section */

/* Begin PBXContainerItemProxy section */
		76DB919021B648C700B5E935 /* PBXContainerItemProxy */ = {
			isa = PBXContainerItemProxy;
			containerPortal = 76DB917321B648C700B5E935 /* Project object */;
			proxyType = 1;
			remoteGlobalIDString = 76DB917A21B648C700B5E935;
			remoteInfo = UChicagoTableViewLectureApp;
		};
/* End PBXContainerItemProxy section */

/* Begin PBXFileReference section */
		76DB917B21B648C700B5E935 /* UChicagoTableViewLectureApp.app */ = {isa = PBXFileReference; explicitFileType = wrapper.application; includeInIndex = 0; path = UChicagoTableViewLectureApp.app; sourceTree = BUILT_PRODUCTS_DIR; };
		76DB917E21B648C700B5E935 /* AppDelegate.swift */ = {isa = PBXFileReference; lastKnownFileType = sourcecode.swift; path = AppDelegate.swift; sourceTree = "<group>"; };
		76DB918021B648C700B5E935 /* ViewController.swift */ = {isa = PBXFileReference; lastKnownFileType = sourcecode.swift; path = ViewController.swift; sourceTree = "<group>"; };
		76DB918321B648C700B5E935 /* Base */ = {isa = PBXFileReference; lastKnownFileType = file.storyboard; name = Base; path = Base.lproj/Main.storyboard; sourceTree = "<group>"; };
		76DB918521B648C700B5E935 /* Assets.xcassets */ = {isa = PBXFileReference; lastKnownFileType = folder.assetcatalog; path = Assets.xcassets; sourceTree = "<group>"; };
		76DB918821B648C700B5E935 /* Base */ = {isa = PBXFileReference; lastKnownFileType = file.storyboard; name = Base; path = Base.lproj/LaunchScreen.storyboard; sourceTree = "<group>"; };
		76DB918A21B648C700B5E935 /* Info.plist */ = {isa = PBXFileReference; lastKnownFileType = text.plist.xml; path = Info.plist; sourceTree = "<group>"; };
		76DB918F21B648C700B5E935 /* UChicagoTableViewLectureAppTests.xctest */ = {isa = PBXFileReference; explicitFileType = wrapper.cfbundle; includeInIndex = 0; path = UChicagoTableViewLectureAppTests.xctest; sourceTree = BUILT_PRODUCTS_DIR; };
		76DB919321B648C700B5E935 /* ToDoitemTests.swift */ = {isa = PBXFileReference; lastKnownFileType = sourcecode.swift; path = ToDoitemTests.swift; sourceTree = "<group>"; };
		76DB919521B648C700B5E935 /* Info.plist */ = {isa = PBXFileReference; lastKnownFileType = text.plist.xml; path = Info.plist; sourceTree = "<group>"; };
		76DB91A021B748A500B5E935 /* ToDoItem.swift */ = {isa = PBXFileReference; fileEncoding = 4; lastKnownFileType = sourcecode.swift; name = ToDoItem.swift; path = Model/ToDoItem.swift; sourceTree = "<group>"; };
		76DB91A221B78AEA00B5E935 /* Location.swift */ = {isa = PBXFileReference; fileEncoding = 4; lastKnownFileType = sourcecode.swift; name = Location.swift; path = Model/Location.swift; sourceTree = "<group>"; };
		76DB91A421B78AFF00B5E935 /* LocationTests.swift */ = {isa = PBXFileReference; fileEncoding = 4; lastKnownFileType = sourcecode.swift; path = LocationTests.swift; sourceTree = "<group>"; };
		76DB91A621B78EC800B5E935 /* ItemManagerTests.swift */ = {isa = PBXFileReference; fileEncoding = 4; lastKnownFileType = sourcecode.swift; name = ItemManagerTests.swift; path = Models/ItemManagerTests.swift; sourceTree = "<group>"; };
		76DB91A821B7960A00B5E935 /* ItemManager.swift */ = {isa = PBXFileReference; fileEncoding = 4; lastKnownFileType = sourcecode.swift; name = ItemManager.swift; path = Model/ItemManager.swift; sourceTree = "<group>"; };
		76FA2BF821B81C0D00218BD9 /* ItemListViewController.swift */ = {isa = PBXFileReference; fileEncoding = 4; lastKnownFileType = sourcecode.swift; name = ItemListViewController.swift; path = ViewController/ItemListViewController.swift; sourceTree = "<group>"; };
		76FA2BFA21B81C5A00218BD9 /* ItemListViewControllerTests.swift */ = {isa = PBXFileReference; fileEncoding = 4; lastKnownFileType = sourcecode.swift; name = ItemListViewControllerTests.swift; path = ViewController/ItemListViewControllerTests.swift; sourceTree = "<group>"; };
/* End PBXFileReference section */

/* Begin PBXFrameworksBuildPhase section */
		76DB917821B648C700B5E935 /* Frameworks */ = {
			isa = PBXFrameworksBuildPhase;
			buildActionMask = 2147483647;
			files = (
			);
			runOnlyForDeploymentPostprocessing = 0;
		};
		76DB918C21B648C700B5E935 /* Frameworks */ = {
			isa = PBXFrameworksBuildPhase;
			buildActionMask = 2147483647;
			files = (
			);
			runOnlyForDeploymentPostprocessing = 0;
		};
/* End PBXFrameworksBuildPhase section */

/* Begin PBXGroup section */
		76DB917221B648C700B5E935 = {
			isa = PBXGroup;
			children = (
				76DB917D21B648C700B5E935 /* UChicagoTableViewLectureApp */,
				76DB919221B648C700B5E935 /* UChicagoTableViewLectureAppTests */,
				76DB917C21B648C700B5E935 /* Products */,
			);
			sourceTree = "<group>";
		};
		76DB917C21B648C700B5E935 /* Products */ = {
			isa = PBXGroup;
			children = (
				76DB917B21B648C700B5E935 /* UChicagoTableViewLectureApp.app */,
				76DB918F21B648C700B5E935 /* UChicagoTableViewLectureAppTests.xctest */,
			);
			name = Products;
			sourceTree = "<group>";
		};
		76DB917D21B648C700B5E935 /* UChicagoTableViewLectureApp */ = {
			isa = PBXGroup;
			children = (
				76DB917E21B648C700B5E935 /* AppDelegate.swift */,
				76DB918021B648C700B5E935 /* ViewController.swift */,
				76DB918221B648C700B5E935 /* Main.storyboard */,
				76DB918521B648C700B5E935 /* Assets.xcassets */,
				76DB918721B648C700B5E935 /* LaunchScreen.storyboard */,
				76DB918A21B648C700B5E935 /* Info.plist */,
				76FA2BF621B81BB300218BD9 /* Models */,
				76FA2BF821B81C0D00218BD9 /* ItemListViewController.swift */,
			);
			path = UChicagoTableViewLectureApp;
			sourceTree = "<group>";
		};
		76DB919221B648C700B5E935 /* UChicagoTableViewLectureAppTests */ = {
			isa = PBXGroup;
			children = (
				76FA2BF721B81BC800218BD9 /* Models */,
				76DB919521B648C700B5E935 /* Info.plist */,
				76FA2BFA21B81C5A00218BD9 /* ItemListViewControllerTests.swift */,
			);
			path = UChicagoTableViewLectureAppTests;
			sourceTree = "<group>";
		};
		76FA2BF621B81BB300218BD9 /* Models */ = {
			isa = PBXGroup;
			children = (
				76DB91A021B748A500B5E935 /* ToDoItem.swift */,
				76DB91A221B78AEA00B5E935 /* Location.swift */,
				76DB91A821B7960A00B5E935 /* ItemManager.swift */,
			);
			name = Models;
			sourceTree = "<group>";
		};
		76FA2BF721B81BC800218BD9 /* Models */ = {
			isa = PBXGroup;
			children = (
				76DB919321B648C700B5E935 /* ToDoitemTests.swift */,
				76DB91A421B78AFF00B5E935 /* LocationTests.swift */,
				76DB91A621B78EC800B5E935 /* ItemManagerTests.swift */,
			);
			name = Models;
			sourceTree = "<group>";
		};
/* End PBXGroup section */

/* Begin PBXNativeTarget section */
		76DB917A21B648C700B5E935 /* UChicagoTableViewLectureApp */ = {
			isa = PBXNativeTarget;
			buildConfigurationList = 76DB919821B648C700B5E935 /* Build configuration list for PBXNativeTarget "UChicagoTableViewLectureApp" */;
			buildPhases = (
				76DB917721B648C700B5E935 /* Sources */,
				76DB917821B648C700B5E935 /* Frameworks */,
				76DB917921B648C700B5E935 /* Resources */,
			);
			buildRules = (
			);
			dependencies = (
			);
			name = UChicagoTableViewLectureApp;
			productName = UChicagoTableViewLectureApp;
			productReference = 76DB917B21B648C700B5E935 /* UChicagoTableViewLectureApp.app */;
			productType = "com.apple.product-type.application";
		};
		76DB918E21B648C700B5E935 /* UChicagoTableViewLectureAppTests */ = {
			isa = PBXNativeTarget;
			buildConfigurationList = 76DB919B21B648C700B5E935 /* Build configuration list for PBXNativeTarget "UChicagoTableViewLectureAppTests" */;
			buildPhases = (
				76DB918B21B648C700B5E935 /* Sources */,
				76DB918C21B648C700B5E935 /* Frameworks */,
				76DB918D21B648C700B5E935 /* Resources */,
			);
			buildRules = (
			);
			dependencies = (
				76DB919121B648C700B5E935 /* PBXTargetDependency */,
			);
			name = UChicagoTableViewLectureAppTests;
			productName = UChicagoTableViewLectureAppTests;
			productReference = 76DB918F21B648C700B5E935 /* UChicagoTableViewLectureAppTests.xctest */;
			productType = "com.apple.product-type.bundle.unit-test";
		};
/* End PBXNativeTarget section */

/* Begin PBXProject section */
		76DB917321B648C700B5E935 /* Project object */ = {
			isa = PBXProject;
			attributes = {
				LastSwiftUpdateCheck = 0830;
				LastUpgradeCheck = 0830;
				ORGANIZATIONNAME = "Chelsea Troy";
				TargetAttributes = {
					76DB917A21B648C700B5E935 = {
						CreatedOnToolsVersion = 8.3.3;
						LastSwiftMigration = 0830;
						ProvisioningStyle = Automatic;
					};
					76DB918E21B648C700B5E935 = {
						CreatedOnToolsVersion = 8.3.3;
						LastSwiftMigration = 0830;
						ProvisioningStyle = Automatic;
						TestTargetID = 76DB917A21B648C700B5E935;
					};
				};
			};
			buildConfigurationList = 76DB917621B648C700B5E935 /* Build configuration list for PBXProject "UChicagoTableViewLectureApp" */;
			compatibilityVersion = "Xcode 3.2";
			developmentRegion = English;
			hasScannedForEncodings = 0;
			knownRegions = (
				en,
				Base,
			);
			mainGroup = 76DB917221B648C700B5E935;
			productRefGroup = 76DB917C21B648C700B5E935 /* Products */;
			projectDirPath = "";
			projectRoot = "";
			targets = (
				76DB917A21B648C700B5E935 /* UChicagoTableViewLectureApp */,
				76DB918E21B648C700B5E935 /* UChicagoTableViewLectureAppTests */,
			);
		};
/* End PBXProject section */

/* Begin PBXResourcesBuildPhase section */
		76DB917921B648C700B5E935 /* Resources */ = {
			isa = PBXResourcesBuildPhase;
			buildActionMask = 2147483647;
			files = (
				76DB918921B648C700B5E935 /* LaunchScreen.storyboard in Resources */,
				76DB918621B648C700B5E935 /* Assets.xcassets in Resources */,
				76DB918421B648C700B5E935 /* Main.storyboard in Resources */,
			);
			runOnlyForDeploymentPostprocessing = 0;
		};
		76DB918D21B648C700B5E935 /* Resources */ = {
			isa = PBXResourcesBuildPhase;
			buildActionMask = 2147483647;
			files = (
			);
			runOnlyForDeploymentPostprocessing = 0;
		};
/* End PBXResourcesBuildPhase section */

/* Begin PBXSourcesBuildPhase section */
		76DB917721B648C700B5E935 /* Sources */ = {
			isa = PBXSourcesBuildPhase;
			buildActionMask = 2147483647;
			files = (
				76DB91A921B7960A00B5E935 /* ItemManager.swift in Sources */,
				76DB918121B648C700B5E935 /* ViewController.swift in Sources */,
				76DB917F21B648C700B5E935 /* AppDelegate.swift in Sources */,
				76DB91A321B78AEA00B5E935 /* Location.swift in Sources */,
				76DB91A121B748A500B5E935 /* ToDoItem.swift in Sources */,
				76FA2BF921B81C0D00218BD9 /* ItemListViewController.swift in Sources */,
			);
			runOnlyForDeploymentPostprocessing = 0;
		};
		76DB918B21B648C700B5E935 /* Sources */ = {
			isa = PBXSourcesBuildPhase;
			buildActionMask = 2147483647;
			files = (
				76DB91A721B78EC800B5E935 /* ItemManagerTests.swift in Sources */,
				76DB91A521B78AFF00B5E935 /* LocationTests.swift in Sources */,
				76DB919421B648C700B5E935 /* ToDoitemTests.swift in Sources */,
				76FA2BFB21B81C5A00218BD9 /* ItemListViewControllerTests.swift in Sources */,
			);
			runOnlyForDeploymentPostprocessing = 0;
		};
/* End PBXSourcesBuildPhase section */

/* Begin PBXTargetDependency section */
		76DB919121B648C700B5E935 /* PBXTargetDependency */ = {
			isa = PBXTargetDependency;
			target = 76DB917A21B648C700B5E935 /* UChicagoTableViewLectureApp */;
			targetProxy = 76DB919021B648C700B5E935 /* PBXContainerItemProxy */;
		};
/* End PBXTargetDependency section */

/* Begin PBXVariantGroup section */
		76DB918221B648C700B5E935 /* Main.storyboard */ = {
			isa = PBXVariantGroup;
			children = (
				76DB918321B648C700B5E935 /* Base */,
			);
			name = Main.storyboard;
			sourceTree = "<group>";
		};
		76DB918721B648C700B5E935 /* LaunchScreen.storyboard */ = {
			isa = PBXVariantGroup;
			children = (
				76DB918821B648C700B5E935 /* Base */,
			);
			name = LaunchScreen.storyboard;
			sourceTree = "<group>";
		};
/* End PBXVariantGroup section */

/* Begin XCBuildConfiguration section */
		76DB919621B648C700B5E935 /* Debug */ = {
			isa = XCBuildConfiguration;
			buildSettings = {
				ALWAYS_SEARCH_USER_PATHS = NO;
				CLANG_ANALYZER_NONNULL = YES;
				CLANG_ANALYZER_NUMBER_OBJECT_CONVERSION = YES_AGGRESSIVE;
				CLANG_CXX_LANGUAGE_STANDARD = "gnu++0x";
				CLANG_CXX_LIBRARY = "libc++";
				CLANG_ENABLE_MODULES = YES;
				CLANG_ENABLE_OBJC_ARC = YES;
				CLANG_WARN_BOOL_CONVERSION = YES;
				CLANG_WARN_CONSTANT_CONVERSION = YES;
				CLANG_WARN_DIRECT_OBJC_ISA_USAGE = YES_ERROR;
				CLANG_WARN_DOCUMENTATION_COMMENTS = YES;
				CLANG_WARN_EMPTY_BODY = YES;
				CLANG_WARN_ENUM_CONVERSION = YES;
				CLANG_WARN_INFINITE_RECURSION = YES;
				CLANG_WARN_INT_CONVERSION = YES;
				CLANG_WARN_OBJC_ROOT_CLASS = YES_ERROR;
				CLANG_WARN_SUSPICIOUS_MOVE = YES;
				CLANG_WARN_UNREACHABLE_CODE = YES;
				CLANG_WARN__DUPLICATE_METHOD_MATCH = YES;
				"CODE_SIGN_IDENTITY[sdk=iphoneos*]" = "iPhone Developer";
				COPY_PHASE_STRIP = NO;
				DEBUG_INFORMATION_FORMAT = dwarf;
				ENABLE_STRICT_OBJC_MSGSEND = YES;
				ENABLE_TESTABILITY = YES;
				GCC_C_LANGUAGE_STANDARD = gnu99;
				GCC_DYNAMIC_NO_PIC = NO;
				GCC_NO_COMMON_BLOCKS = YES;
				GCC_OPTIMIZATION_LEVEL = 0;
				GCC_PREPROCESSOR_DEFINITIONS = (
					"DEBUG=1",
					"$(inherited)",
				);
				GCC_WARN_64_TO_32_BIT_CONVERSION = YES;
				GCC_WARN_ABOUT_RETURN_TYPE = YES_ERROR;
				GCC_WARN_UNDECLARED_SELECTOR = YES;
				GCC_WARN_UNINITIALIZED_AUTOS = YES_AGGRESSIVE;
				GCC_WARN_UNUSED_FUNCTION = YES;
				GCC_WARN_UNUSED_VARIABLE = YES;
				IPHONEOS_DEPLOYMENT_TARGET = 10.3;
				MTL_ENABLE_DEBUG_INFO = YES;
				ONLY_ACTIVE_ARCH = YES;
				SDKROOT = iphoneos;
				SWIFT_ACTIVE_COMPILATION_CONDITIONS = DEBUG;
				SWIFT_OPTIMIZATION_LEVEL = "-Onone";
				TARGETED_DEVICE_FAMILY = "1,2";
			};
			name = Debug;
		};
		76DB919721B648C700B5E935 /* Release */ = {
			isa = XCBuildConfiguration;
			buildSettings = {
				ALWAYS_SEARCH_USER_PATHS = NO;
				CLANG_ANALYZER_NONNULL = YES;
				CLANG_ANALYZER_NUMBER_OBJECT_CONVERSION = YES_AGGRESSIVE;
				CLANG_CXX_LANGUAGE_STANDARD = "gnu++0x";
				CLANG_CXX_LIBRARY = "libc++";
				CLANG_ENABLE_MODULES = YES;
				CLANG_ENABLE_OBJC_ARC = YES;
				CLANG_WARN_BOOL_CONVERSION = YES;
				CLANG_WARN_CONSTANT_CONVERSION = YES;
				CLANG_WARN_DIRECT_OBJC_ISA_USAGE = YES_ERROR;
				CLANG_WARN_DOCUMENTATION_COMMENTS = YES;
				CLANG_WARN_EMPTY_BODY = YES;
				CLANG_WARN_ENUM_CONVERSION = YES;
				CLANG_WARN_INFINITE_RECURSION = YES;
				CLANG_WARN_INT_CONVERSION = YES;
				CLANG_WARN_OBJC_ROOT_CLASS = YES_ERROR;
				CLANG_WARN_SUSPICIOUS_MOVE = YES;
				CLANG_WARN_UNREACHABLE_CODE = YES;
				CLANG_WARN__DUPLICATE_METHOD_MATCH = YES;
				"CODE_SIGN_IDENTITY[sdk=iphoneos*]" = "iPhone Developer";
				COPY_PHASE_STRIP = NO;
				DEBUG_INFORMATION_FORMAT = "dwarf-with-dsym";
				ENABLE_NS_ASSERTIONS = NO;
				ENABLE_STRICT_OBJC_MSGSEND = YES;
				GCC_C_LANGUAGE_STANDARD = gnu99;
				GCC_NO_COMMON_BLOCKS = YES;
				GCC_WARN_64_TO_32_BIT_CONVERSION = YES;
				GCC_WARN_ABOUT_RETURN_TYPE = YES_ERROR;
				GCC_WARN_UNDECLARED_SELECTOR = YES;
				GCC_WARN_UNINITIALIZED_AUTOS = YES_AGGRESSIVE;
				GCC_WARN_UNUSED_FUNCTION = YES;
				GCC_WARN_UNUSED_VARIABLE = YES;
				IPHONEOS_DEPLOYMENT_TARGET = 10.3;
				MTL_ENABLE_DEBUG_INFO = NO;
				SDKROOT = iphoneos;
				SWIFT_OPTIMIZATION_LEVEL = "-Owholemodule";
				TARGETED_DEVICE_FAMILY = "1,2";
				VALIDATE_PRODUCT = YES;
			};
			name = Release;
		};
		76DB919921B648C700B5E935 /* Debug */ = {
			isa = XCBuildConfiguration;
			buildSettings = {
				ASSETCATALOG_COMPILER_APPICON_NAME = AppIcon;
				INFOPLIST_FILE = UChicagoTableViewLectureApp/Info.plist;
				LD_RUNPATH_SEARCH_PATHS = "$(inherited) @executable_path/Frameworks";
				PRODUCT_BUNDLE_IDENTIFIER = chelseatroy.UChicagoTableViewLectureApp;
				PRODUCT_NAME = "$(TARGET_NAME)";
				SWIFT_VERSION = 3.0;
			};
			name = Debug;
		};
		76DB919A21B648C700B5E935 /* Release */ = {
			isa = XCBuildConfiguration;
			buildSettings = {
				ASSETCATALOG_COMPILER_APPICON_NAME = AppIcon;
				INFOPLIST_FILE = UChicagoTableViewLectureApp/Info.plist;
				LD_RUNPATH_SEARCH_PATHS = "$(inherited) @executable_path/Frameworks";
				PRODUCT_BUNDLE_IDENTIFIER = chelseatroy.UChicagoTableViewLectureApp;
				PRODUCT_NAME = "$(TARGET_NAME)";
				SWIFT_VERSION = 3.0;
			};
			name = Release;
		};
		76DB919C21B648C700B5E935 /* Debug */ = {
			isa = XCBuildConfiguration;
			buildSettings = {
				ALWAYS_EMBED_SWIFT_STANDARD_LIBRARIES = YES;
				BUNDLE_LOADER = "$(TEST_HOST)";
				INFOPLIST_FILE = UChicagoTableViewLectureAppTests/Info.plist;
				LD_RUNPATH_SEARCH_PATHS = "$(inherited) @executable_path/Frameworks @loader_path/Frameworks";
				PRODUCT_BUNDLE_IDENTIFIER = chelseatroy.UChicagoTableViewLectureAppTests;
				PRODUCT_NAME = "$(TARGET_NAME)";
				SWIFT_VERSION = 3.0;
				TEST_HOST = "$(BUILT_PRODUCTS_DIR)/UChicagoTableViewLectureApp.app/UChicagoTableViewLectureApp";
			};
			name = Debug;
		};
		76DB919D21B648C700B5E935 /* Release */ = {
			isa = XCBuildConfiguration;
			buildSettings = {
				ALWAYS_EMBED_SWIFT_STANDARD_LIBRARIES = YES;
				BUNDLE_LOADER = "$(TEST_HOST)";
				INFOPLIST_FILE = UChicagoTableViewLectureAppTests/Info.plist;
				LD_RUNPATH_SEARCH_PATHS = "$(inherited) @executable_path/Frameworks @loader_path/Frameworks";
				PRODUCT_BUNDLE_IDENTIFIER = chelseatroy.UChicagoTableViewLectureAppTests;
				PRODUCT_NAME = "$(TARGET_NAME)";
				SWIFT_VERSION = 3.0;
				TEST_HOST = "$(BUILT_PRODUCTS_DIR)/UChicagoTableViewLectureApp.app/UChicagoTableViewLectureApp";
			};
			name = Release;
		};
/* End XCBuildConfiguration section */

/* Begin XCConfigurationList section */
		76DB917621B648C700B5E935 /* Build configuration list for PBXProject "UChicagoTableViewLectureApp" */ = {
			isa = XCConfigurationList;
			buildConfigurations = (
				76DB919621B648C700B5E935 /* Debug */,
				76DB919721B648C700B5E935 /* Release */,
			);
			defaultConfigurationIsVisible = 0;
			defaultConfigurationName = Release;
		};
		76DB919821B648C700B5E935 /* Build configuration list for PBXNativeTarget "UChicagoTableViewLectureApp" */ = {
			isa = XCConfigurationList;
			buildConfigurations = (
				76DB919921B648C700B5E935 /* Debug */,
				76DB919A21B648C700B5E935 /* Release */,
			);
			defaultConfigurationIsVisible = 0;
			defaultConfigurationName = Release;
		};
		76DB919B21B648C700B5E935 /* Build configuration list for PBXNativeTarget "UChicagoTableViewLectureAppTests" */ = {
			isa = XCConfigurationList;
			buildConfigurations = (
				76DB919C21B648C700B5E935 /* Debug */,
				76DB919D21B648C700B5E935 /* Release */,
			);
			defaultConfigurationIsVisible = 0;
			defaultConfigurationName = Release;
		};
/* End XCConfigurationList section */
	};
	rootObject = 76DB917321B648C700B5E935 /* Project object */;
}
